PODS:
  - Cache (4.1.2)
  - Crashlytics (3.10.1):
    - Fabric (~> 1.7.5)
  - Fabric (1.7.5)
  - Hue (3.0.1)
  - Imaginary (3.0.3):
    - Cache (~> 4.0)
  - Kingfisher (4.6.3)
  - Lightbox (2.1.2):
    - Hue (~> 3.0)
    - Imaginary (~> 3.0)
  - Localize-Swift (2.0.0)
  - Mapbox-iOS-SDK (3.7.6)
  - Realm (3.2.0):
    - Realm/Headers (= 3.2.0)
  - Realm/Headers (3.2.0)
  - RealmSwift (3.2.0):
    - Realm (= 3.2.0)
  - SwiftLint (0.25.0)
  - SwiftSpinner (1.5.0)

DEPENDENCIES:
  - Crashlytics
  - Fabric
  - Kingfisher
  - Lightbox
  - Localize-Swift
  - Mapbox-iOS-SDK
  - RealmSwift
  - SwiftLint
  - SwiftSpinner

SPEC CHECKSUMS:
  Cache: bd0233fc688b5e83a27bcd87807db7e6f23adcc5
  Crashlytics: aee1a064cbbf99b32efa3f056a5f458d846bc8ff
  Fabric: ae7146a5f505ea370a1e44820b4b1dc8890e2890
  Hue: 93e852fa6211ab35922ad8c293f51c43d6c79eb2
  Imaginary: 9b45836a5af881f452a86e0a1215772ae4712d00
  Kingfisher: 98e6d5b5e807645743e8ed5ececd25d688d38452
  Lightbox: 2dc267df8be2285bc7724cb11cbbf4aaaf59dced
  Localize-Swift: c798ec9286494866f7068f85f7c71283ac5bdab4
  Mapbox-iOS-SDK: 23ececda1d90c3b436b45e2c88e9677f025303c0
  Realm: ae552b9b9eca3a12374a589fa842f220e286a80a
  RealmSwift: 05727129547dcab3fe828bd87bc30be903736b9c
  SwiftLint: e14651157288e9e01d6e1a71db7014fb5744a8ea
  SwiftSpinner: 4c058c7a1d6b444dd2e1d70988ead40783097133

PODFILE CHECKSUM: 4f97a849312cfa7f971a3bc800ccb2f0b156e287

COCOAPODS: 1.4.0
