PODS:
  - Crashlytics (3.9.3):
    - Fabric (~> 1.7.2)
  - Fabric (1.7.2)
  - Kingfisher (4.2.0)
  - Localize-Swift (2.0.0)
  - Mapbox-iOS-SDK (3.6.4)
  - Realm (3.0.2):
    - Realm/Headers (= 3.0.2)
  - Realm/Headers (3.0.2)
  - RealmSwift (3.0.2):
    - Realm (= 3.0.2)
  - SwiftSpinner (1.5.0)

DEPENDENCIES:
  - Crashlytics
  - Fabric
  - Kingfisher
  - Localize-Swift
  - Mapbox-iOS-SDK
  - RealmSwift
  - SwiftSpinner

SPEC CHECKSUMS:
  Crashlytics: dbb07d01876c171c5ccbdf7826410380189e452c
  Fabric: 9cd6a848efcf1b8b07497e0b6a2e7d336353ba15
  Kingfisher: 9ee7e788d8ba07c3f21ce0d43f33cec310a4f781
  Localize-Swift: c798ec9286494866f7068f85f7c71283ac5bdab4
  Mapbox-iOS-SDK: 47847dd44285477e0dfffd0130f65c8a52823ada
  Realm: 6f23fd1f178a09342eac21bfa7c2bf4312a7a180
  RealmSwift: 695393add1b8f9d5fa75dd16e6355cf3935f71e2
  SwiftSpinner: 4c058c7a1d6b444dd2e1d70988ead40783097133

PODFILE CHECKSUM: 5a28ebc61ddeb37440a16b54c78e12f98a780a05

COCOAPODS: 1.3.1
