// !$*UTF8*$!
{
	archiveVersion = 1;
	classes = {
	};
	objectVersion = 46;
	objects = {

/* Begin PBXBuildFile section */
		0A5D8ADB41AD183565561775 /* Pods_Dodies_lv.framework in Frameworks */ = {isa = PBXBuildFile; fileRef = 9870F5E07E5B45042965F16A /* Pods_Dodies_lv.framework */; };
		6304EAFF1BA5C25900B7CD49 /* Settings.bundle in Resources */ = {isa = PBXBuildFile; fileRef = 6304EAFE1BA5C25900B7CD49 /* Settings.bundle */; };
		6304EB011BA5C2C700B7CD49 /* Map.swift in Sources */ = {isa = PBXBuildFile; fileRef = 6304EB001BA5C2C700B7CD49 /* Map.swift */; };
		63475FEC1C5CC95500A9A5E4 /* DodiesPoint.swift in Sources */ = {isa = PBXBuildFile; fileRef = 63475FEB1C5CC95500A9A5E4 /* DodiesPoint.swift */; };
		636EA8361BA5BDF40071397A /* AppDelegate.swift in Sources */ = {isa = PBXBuildFile; fileRef = 636EA8351BA5BDF40071397A /* AppDelegate.swift */; };
		636EA83D1BA5BDF40071397A /* Main.storyboard in Resources */ = {isa = PBXBuildFile; fileRef = 636EA83B1BA5BDF40071397A /* Main.storyboard */; };
		636EA8421BA5BDF40071397A /* LaunchScreen.storyboard in Resources */ = {isa = PBXBuildFile; fileRef = 636EA8401BA5BDF40071397A /* LaunchScreen.storyboard */; };
		638EB5111CA6FBC100FA7903 /* DescriptionViewController.swift in Sources */ = {isa = PBXBuildFile; fileRef = 638EB5101CA6FBC100FA7903 /* DescriptionViewController.swift */; };
		639710851C8200F1003C3842 /* dodies_logo.png in Resources */ = {isa = PBXBuildFile; fileRef = 639710821C8200F1003C3842 /* dodies_logo.png */; };
		639710861C8200F1003C3842 /* dodies_logo@2x.png in Resources */ = {isa = PBXBuildFile; fileRef = 639710831C8200F1003C3842 /* dodies_logo@2x.png */; };
		639710871C8200F1003C3842 /* dodies_logo@3x.png in Resources */ = {isa = PBXBuildFile; fileRef = 639710841C8200F1003C3842 /* dodies_logo@3x.png */; };
		639710891C821568003C3842 /* GoogleService-Info.plist in Resources */ = {isa = PBXBuildFile; fileRef = 639710881C821568003C3842 /* GoogleService-Info.plist */; };
		63A818C81C6294F9006F7F80 /* Valmiera.gpx in Resources */ = {isa = PBXBuildFile; fileRef = 63A818C71C6294F9006F7F80 /* Valmiera.gpx */; };
		63AFB7BF1C5CE04D004A58E1 /* parks-active.png in Resources */ = {isa = PBXBuildFile; fileRef = 63AFB7A11C5CE04D004A58E1 /* parks-active.png */; };
		63AFB7C01C5CE04D004A58E1 /* parks-active@2x.png in Resources */ = {isa = PBXBuildFile; fileRef = 63AFB7A21C5CE04D004A58E1 /* parks-active@2x.png */; };
		63AFB7C11C5CE04D004A58E1 /* parks-active@3x.png in Resources */ = {isa = PBXBuildFile; fileRef = 63AFB7A31C5CE04D004A58E1 /* parks-active@3x.png */; };
		63AFB7C21C5CE04D004A58E1 /* parks-disabled.png in Resources */ = {isa = PBXBuildFile; fileRef = 63AFB7A41C5CE04D004A58E1 /* parks-disabled.png */; };
		63AFB7C31C5CE04D004A58E1 /* parks-disabled@2x.png in Resources */ = {isa = PBXBuildFile; fileRef = 63AFB7A51C5CE04D004A58E1 /* parks-disabled@2x.png */; };
		63AFB7C41C5CE04D004A58E1 /* parks-disabled@3x.png in Resources */ = {isa = PBXBuildFile; fileRef = 63AFB7A61C5CE04D004A58E1 /* parks-disabled@3x.png */; };
		63AFB7C51C5CE04D004A58E1 /* pikniks-active.png in Resources */ = {isa = PBXBuildFile; fileRef = 63AFB7A71C5CE04D004A58E1 /* pikniks-active.png */; };
		63AFB7C61C5CE04D004A58E1 /* pikniks-active@2x.png in Resources */ = {isa = PBXBuildFile; fileRef = 63AFB7A81C5CE04D004A58E1 /* pikniks-active@2x.png */; };
		63AFB7C71C5CE04D004A58E1 /* pikniks-active@3x.png in Resources */ = {isa = PBXBuildFile; fileRef = 63AFB7A91C5CE04D004A58E1 /* pikniks-active@3x.png */; };
		63AFB7C81C5CE04D004A58E1 /* pikniks-disabled.png in Resources */ = {isa = PBXBuildFile; fileRef = 63AFB7AA1C5CE04D004A58E1 /* pikniks-disabled.png */; };
		63AFB7C91C5CE04D004A58E1 /* pikniks-disabled@2x.png in Resources */ = {isa = PBXBuildFile; fileRef = 63AFB7AB1C5CE04D004A58E1 /* pikniks-disabled@2x.png */; };
		63AFB7CA1C5CE04D004A58E1 /* pikniks-disabled@3x.png in Resources */ = {isa = PBXBuildFile; fileRef = 63AFB7AC1C5CE04D004A58E1 /* pikniks-disabled@3x.png */; };
		63AFB7CB1C5CE04D004A58E1 /* taka-active.png in Resources */ = {isa = PBXBuildFile; fileRef = 63AFB7AD1C5CE04D004A58E1 /* taka-active.png */; };
		63AFB7CC1C5CE04D004A58E1 /* taka-active@2x.png in Resources */ = {isa = PBXBuildFile; fileRef = 63AFB7AE1C5CE04D004A58E1 /* taka-active@2x.png */; };
		63AFB7CD1C5CE04D004A58E1 /* taka-active@3x.png in Resources */ = {isa = PBXBuildFile; fileRef = 63AFB7AF1C5CE04D004A58E1 /* taka-active@3x.png */; };
		63AFB7CE1C5CE04D004A58E1 /* taka-disabled.png in Resources */ = {isa = PBXBuildFile; fileRef = 63AFB7B01C5CE04D004A58E1 /* taka-disabled.png */; };
		63AFB7CF1C5CE04D004A58E1 /* taka-disabled@2x.png in Resources */ = {isa = PBXBuildFile; fileRef = 63AFB7B11C5CE04D004A58E1 /* taka-disabled@2x.png */; };
		63AFB7D01C5CE04D004A58E1 /* taka-disabled@3x.png in Resources */ = {isa = PBXBuildFile; fileRef = 63AFB7B21C5CE04D004A58E1 /* taka-disabled@3x.png */; };
		63AFB7D11C5CE04D004A58E1 /* tornis-active.png in Resources */ = {isa = PBXBuildFile; fileRef = 63AFB7B31C5CE04D004A58E1 /* tornis-active.png */; };
		63AFB7D21C5CE04D004A58E1 /* tornis-active@2x.png in Resources */ = {isa = PBXBuildFile; fileRef = 63AFB7B41C5CE04D004A58E1 /* tornis-active@2x.png */; };
		63AFB7D31C5CE04D004A58E1 /* tornis-active@3x.png in Resources */ = {isa = PBXBuildFile; fileRef = 63AFB7B51C5CE04D004A58E1 /* tornis-active@3x.png */; };
		63AFB7D41C5CE04D004A58E1 /* tornis-disabled.png in Resources */ = {isa = PBXBuildFile; fileRef = 63AFB7B61C5CE04D004A58E1 /* tornis-disabled.png */; };
		63AFB7D51C5CE04D004A58E1 /* tornis-disabled@2x.png in Resources */ = {isa = PBXBuildFile; fileRef = 63AFB7B71C5CE04D004A58E1 /* tornis-disabled@2x.png */; };
		63AFB7D61C5CE04D004A58E1 /* tornis-disabled@3x.png in Resources */ = {isa = PBXBuildFile; fileRef = 63AFB7B81C5CE04D004A58E1 /* tornis-disabled@3x.png */; };
		63AFB7D71C5CE04D004A58E1 /* velo-active.png in Resources */ = {isa = PBXBuildFile; fileRef = 63AFB7B91C5CE04D004A58E1 /* velo-active.png */; };
		63AFB7D81C5CE04D004A58E1 /* velo-active@2x.png in Resources */ = {isa = PBXBuildFile; fileRef = 63AFB7BA1C5CE04D004A58E1 /* velo-active@2x.png */; };
		63AFB7D91C5CE04D004A58E1 /* velo-active@3x.png in Resources */ = {isa = PBXBuildFile; fileRef = 63AFB7BB1C5CE04D004A58E1 /* velo-active@3x.png */; };
		63AFB7DA1C5CE04D004A58E1 /* velo-disabled.png in Resources */ = {isa = PBXBuildFile; fileRef = 63AFB7BC1C5CE04D004A58E1 /* velo-disabled.png */; };
		63AFB7DB1C5CE04D004A58E1 /* velo-disabled@2x.png in Resources */ = {isa = PBXBuildFile; fileRef = 63AFB7BD1C5CE04D004A58E1 /* velo-disabled@2x.png */; };
		63AFB7DC1C5CE04D004A58E1 /* velo-disabled@3x.png in Resources */ = {isa = PBXBuildFile; fileRef = 63AFB7BE1C5CE04D004A58E1 /* velo-disabled@3x.png */; };
		63AFB7DE1C5CF614004A58E1 /* Images.xcassets in Resources */ = {isa = PBXBuildFile; fileRef = 63AFB7DD1C5CF613004A58E1 /* Images.xcassets */; };
		63AFB7E81C5D100B004A58E1 /* location-pin.png in Resources */ = {isa = PBXBuildFile; fileRef = 63AFB7E51C5D100B004A58E1 /* location-pin.png */; };
		63AFB7E91C5D100B004A58E1 /* location-pin@2x.png in Resources */ = {isa = PBXBuildFile; fileRef = 63AFB7E61C5D100B004A58E1 /* location-pin@2x.png */; };
		63AFB7EA1C5D100B004A58E1 /* location-pin@3x.png in Resources */ = {isa = PBXBuildFile; fileRef = 63AFB7E71C5D100B004A58E1 /* location-pin@3x.png */; };
		63AFB7FD1C5E375D004A58E1 /* dodies@3x.png in Resources */ = {isa = PBXBuildFile; fileRef = 63AFB7FA1C5E375D004A58E1 /* dodies@3x.png */; };
		63AFB7FE1C5E375D004A58E1 /* dodies@2x.png in Resources */ = {isa = PBXBuildFile; fileRef = 63AFB7FB1C5E375D004A58E1 /* dodies@2x.png */; };
		63AFB7FF1C5E375D004A58E1 /* dodies.png in Resources */ = {isa = PBXBuildFile; fileRef = 63AFB7FC1C5E375D004A58E1 /* dodies.png */; };
		63AFB8011C5E3FFC004A58E1 /* Helper.swift in Sources */ = {isa = PBXBuildFile; fileRef = 63AFB8001C5E3FFC004A58E1 /* Helper.swift */; };
		63C322B31C836C050033CE5D /* dodies_logo_green.png in Resources */ = {isa = PBXBuildFile; fileRef = 63C322B01C836C050033CE5D /* dodies_logo_green.png */; };
		63C322B41C836C050033CE5D /* dodies_logo_green@2x.png in Resources */ = {isa = PBXBuildFile; fileRef = 63C322B11C836C050033CE5D /* dodies_logo_green@2x.png */; };
		63C322B51C836C050033CE5D /* dodies_logo_green@3x.png in Resources */ = {isa = PBXBuildFile; fileRef = 63C322B21C836C050033CE5D /* dodies_logo_green@3x.png */; };
		63CA57A51BA5F41700A9F5DC /* DodiesAnnotation.swift in Sources */ = {isa = PBXBuildFile; fileRef = 63CA57A41BA5F41700A9F5DC /* DodiesAnnotation.swift */; };
		63CA57A71BA606B800A9F5DC /* Details.swift in Sources */ = {isa = PBXBuildFile; fileRef = 63CA57A61BA606B800A9F5DC /* Details.swift */; };
		63F5DC681C8355BE00AEB195 /* dodies_nav_logo.png in Resources */ = {isa = PBXBuildFile; fileRef = 63F5DC651C8355BE00AEB195 /* dodies_nav_logo.png */; };
		63F5DC691C8355BE00AEB195 /* dodies_nav_logo@2x.png in Resources */ = {isa = PBXBuildFile; fileRef = 63F5DC661C8355BE00AEB195 /* dodies_nav_logo@2x.png */; };
		63F5DC6A1C8355BE00AEB195 /* dodies_nav_logo@3x.png in Resources */ = {isa = PBXBuildFile; fileRef = 63F5DC671C8355BE00AEB195 /* dodies_nav_logo@3x.png */; };
		63F5DC6E1C8358F200AEB195 /* AboutViewController.swift in Sources */ = {isa = PBXBuildFile; fileRef = 63F5DC6D1C8358F200AEB195 /* AboutViewController.swift */; };
/* End PBXBuildFile section */

/* Begin PBXFileReference section */
		6304EAFE1BA5C25900B7CD49 /* Settings.bundle */ = {isa = PBXFileReference; lastKnownFileType = "wrapper.plug-in"; path = Settings.bundle; sourceTree = "<group>"; };
		6304EB001BA5C2C700B7CD49 /* Map.swift */ = {isa = PBXFileReference; fileEncoding = 4; lastKnownFileType = sourcecode.swift; path = Map.swift; sourceTree = "<group>"; };
		63475FEB1C5CC95500A9A5E4 /* DodiesPoint.swift */ = {isa = PBXFileReference; fileEncoding = 4; lastKnownFileType = sourcecode.swift; path = DodiesPoint.swift; sourceTree = "<group>"; };
		636EA8321BA5BDF40071397A /* Dodies.lv.app */ = {isa = PBXFileReference; explicitFileType = wrapper.application; includeInIndex = 0; path = Dodies.lv.app; sourceTree = BUILT_PRODUCTS_DIR; };
		636EA8351BA5BDF40071397A /* AppDelegate.swift */ = {isa = PBXFileReference; lastKnownFileType = sourcecode.swift; path = AppDelegate.swift; sourceTree = "<group>"; };
		636EA83C1BA5BDF40071397A /* Base */ = {isa = PBXFileReference; lastKnownFileType = file.storyboard; name = Base; path = Base.lproj/Main.storyboard; sourceTree = "<group>"; };
		636EA8411BA5BDF40071397A /* Base */ = {isa = PBXFileReference; lastKnownFileType = file.storyboard; name = Base; path = Base.lproj/LaunchScreen.storyboard; sourceTree = "<group>"; };
		636EA8431BA5BDF40071397A /* Info.plist */ = {isa = PBXFileReference; lastKnownFileType = text.plist.xml; path = Info.plist; sourceTree = "<group>"; };
		638EB5101CA6FBC100FA7903 /* DescriptionViewController.swift */ = {isa = PBXFileReference; fileEncoding = 4; lastKnownFileType = sourcecode.swift; path = DescriptionViewController.swift; sourceTree = "<group>"; };
		639710821C8200F1003C3842 /* dodies_logo.png */ = {isa = PBXFileReference; lastKnownFileType = image.png; path = dodies_logo.png; sourceTree = "<group>"; };
		639710831C8200F1003C3842 /* dodies_logo@2x.png */ = {isa = PBXFileReference; lastKnownFileType = image.png; path = "dodies_logo@2x.png"; sourceTree = "<group>"; };
		639710841C8200F1003C3842 /* dodies_logo@3x.png */ = {isa = PBXFileReference; lastKnownFileType = image.png; path = "dodies_logo@3x.png"; sourceTree = "<group>"; };
		639710881C821568003C3842 /* GoogleService-Info.plist */ = {isa = PBXFileReference; fileEncoding = 4; lastKnownFileType = text.plist.xml; path = "GoogleService-Info.plist"; sourceTree = "<group>"; };
		6397108A1C8215C8003C3842 /* Dodies-Bridging-Header.h */ = {isa = PBXFileReference; fileEncoding = 4; lastKnownFileType = sourcecode.c.h; path = "Dodies-Bridging-Header.h"; sourceTree = "<group>"; };
		63A818C71C6294F9006F7F80 /* Valmiera.gpx */ = {isa = PBXFileReference; fileEncoding = 4; lastKnownFileType = text.xml; path = Valmiera.gpx; sourceTree = "<group>"; };
		63AFB7A11C5CE04D004A58E1 /* parks-active.png */ = {isa = PBXFileReference; lastKnownFileType = image.png; path = "parks-active.png"; sourceTree = "<group>"; };
		63AFB7A21C5CE04D004A58E1 /* parks-active@2x.png */ = {isa = PBXFileReference; lastKnownFileType = image.png; path = "parks-active@2x.png"; sourceTree = "<group>"; };
		63AFB7A31C5CE04D004A58E1 /* parks-active@3x.png */ = {isa = PBXFileReference; lastKnownFileType = image.png; path = "parks-active@3x.png"; sourceTree = "<group>"; };
		63AFB7A41C5CE04D004A58E1 /* parks-disabled.png */ = {isa = PBXFileReference; lastKnownFileType = image.png; path = "parks-disabled.png"; sourceTree = "<group>"; };
		63AFB7A51C5CE04D004A58E1 /* parks-disabled@2x.png */ = {isa = PBXFileReference; lastKnownFileType = image.png; path = "parks-disabled@2x.png"; sourceTree = "<group>"; };
		63AFB7A61C5CE04D004A58E1 /* parks-disabled@3x.png */ = {isa = PBXFileReference; lastKnownFileType = image.png; path = "parks-disabled@3x.png"; sourceTree = "<group>"; };
		63AFB7A71C5CE04D004A58E1 /* pikniks-active.png */ = {isa = PBXFileReference; lastKnownFileType = image.png; path = "pikniks-active.png"; sourceTree = "<group>"; };
		63AFB7A81C5CE04D004A58E1 /* pikniks-active@2x.png */ = {isa = PBXFileReference; lastKnownFileType = image.png; path = "pikniks-active@2x.png"; sourceTree = "<group>"; };
		63AFB7A91C5CE04D004A58E1 /* pikniks-active@3x.png */ = {isa = PBXFileReference; lastKnownFileType = image.png; path = "pikniks-active@3x.png"; sourceTree = "<group>"; };
		63AFB7AA1C5CE04D004A58E1 /* pikniks-disabled.png */ = {isa = PBXFileReference; lastKnownFileType = image.png; path = "pikniks-disabled.png"; sourceTree = "<group>"; };
		63AFB7AB1C5CE04D004A58E1 /* pikniks-disabled@2x.png */ = {isa = PBXFileReference; lastKnownFileType = image.png; path = "pikniks-disabled@2x.png"; sourceTree = "<group>"; };
		63AFB7AC1C5CE04D004A58E1 /* pikniks-disabled@3x.png */ = {isa = PBXFileReference; lastKnownFileType = image.png; path = "pikniks-disabled@3x.png"; sourceTree = "<group>"; };
		63AFB7AD1C5CE04D004A58E1 /* taka-active.png */ = {isa = PBXFileReference; lastKnownFileType = image.png; path = "taka-active.png"; sourceTree = "<group>"; };
		63AFB7AE1C5CE04D004A58E1 /* taka-active@2x.png */ = {isa = PBXFileReference; lastKnownFileType = image.png; path = "taka-active@2x.png"; sourceTree = "<group>"; };
		63AFB7AF1C5CE04D004A58E1 /* taka-active@3x.png */ = {isa = PBXFileReference; lastKnownFileType = image.png; path = "taka-active@3x.png"; sourceTree = "<group>"; };
		63AFB7B01C5CE04D004A58E1 /* taka-disabled.png */ = {isa = PBXFileReference; lastKnownFileType = image.png; path = "taka-disabled.png"; sourceTree = "<group>"; };
		63AFB7B11C5CE04D004A58E1 /* taka-disabled@2x.png */ = {isa = PBXFileReference; lastKnownFileType = image.png; path = "taka-disabled@2x.png"; sourceTree = "<group>"; };
		63AFB7B21C5CE04D004A58E1 /* taka-disabled@3x.png */ = {isa = PBXFileReference; lastKnownFileType = image.png; path = "taka-disabled@3x.png"; sourceTree = "<group>"; };
		63AFB7B31C5CE04D004A58E1 /* tornis-active.png */ = {isa = PBXFileReference; lastKnownFileType = image.png; path = "tornis-active.png"; sourceTree = "<group>"; };
		63AFB7B41C5CE04D004A58E1 /* tornis-active@2x.png */ = {isa = PBXFileReference; lastKnownFileType = image.png; path = "tornis-active@2x.png"; sourceTree = "<group>"; };
		63AFB7B51C5CE04D004A58E1 /* tornis-active@3x.png */ = {isa = PBXFileReference; lastKnownFileType = image.png; path = "tornis-active@3x.png"; sourceTree = "<group>"; };
		63AFB7B61C5CE04D004A58E1 /* tornis-disabled.png */ = {isa = PBXFileReference; lastKnownFileType = image.png; path = "tornis-disabled.png"; sourceTree = "<group>"; };
		63AFB7B71C5CE04D004A58E1 /* tornis-disabled@2x.png */ = {isa = PBXFileReference; lastKnownFileType = image.png; path = "tornis-disabled@2x.png"; sourceTree = "<group>"; };
		63AFB7B81C5CE04D004A58E1 /* tornis-disabled@3x.png */ = {isa = PBXFileReference; lastKnownFileType = image.png; path = "tornis-disabled@3x.png"; sourceTree = "<group>"; };
		63AFB7B91C5CE04D004A58E1 /* velo-active.png */ = {isa = PBXFileReference; lastKnownFileType = image.png; path = "velo-active.png"; sourceTree = "<group>"; };
		63AFB7BA1C5CE04D004A58E1 /* velo-active@2x.png */ = {isa = PBXFileReference; lastKnownFileType = image.png; path = "velo-active@2x.png"; sourceTree = "<group>"; };
		63AFB7BB1C5CE04D004A58E1 /* velo-active@3x.png */ = {isa = PBXFileReference; lastKnownFileType = image.png; path = "velo-active@3x.png"; sourceTree = "<group>"; };
		63AFB7BC1C5CE04D004A58E1 /* velo-disabled.png */ = {isa = PBXFileReference; lastKnownFileType = image.png; path = "velo-disabled.png"; sourceTree = "<group>"; };
		63AFB7BD1C5CE04D004A58E1 /* velo-disabled@2x.png */ = {isa = PBXFileReference; lastKnownFileType = image.png; path = "velo-disabled@2x.png"; sourceTree = "<group>"; };
		63AFB7BE1C5CE04D004A58E1 /* velo-disabled@3x.png */ = {isa = PBXFileReference; lastKnownFileType = image.png; path = "velo-disabled@3x.png"; sourceTree = "<group>"; };
		63AFB7DD1C5CF613004A58E1 /* Images.xcassets */ = {isa = PBXFileReference; lastKnownFileType = folder.assetcatalog; path = Images.xcassets; sourceTree = "<group>"; };
		63AFB7E51C5D100B004A58E1 /* location-pin.png */ = {isa = PBXFileReference; lastKnownFileType = image.png; path = "location-pin.png"; sourceTree = "<group>"; };
		63AFB7E61C5D100B004A58E1 /* location-pin@2x.png */ = {isa = PBXFileReference; lastKnownFileType = image.png; path = "location-pin@2x.png"; sourceTree = "<group>"; };
		63AFB7E71C5D100B004A58E1 /* location-pin@3x.png */ = {isa = PBXFileReference; lastKnownFileType = image.png; path = "location-pin@3x.png"; sourceTree = "<group>"; };
		63AFB7FA1C5E375D004A58E1 /* dodies@3x.png */ = {isa = PBXFileReference; lastKnownFileType = image.png; path = "dodies@3x.png"; sourceTree = "<group>"; };
		63AFB7FB1C5E375D004A58E1 /* dodies@2x.png */ = {isa = PBXFileReference; lastKnownFileType = image.png; path = "dodies@2x.png"; sourceTree = "<group>"; };
		63AFB7FC1C5E375D004A58E1 /* dodies.png */ = {isa = PBXFileReference; lastKnownFileType = image.png; path = dodies.png; sourceTree = "<group>"; };
		63AFB8001C5E3FFC004A58E1 /* Helper.swift */ = {isa = PBXFileReference; fileEncoding = 4; lastKnownFileType = sourcecode.swift; path = Helper.swift; sourceTree = "<group>"; };
		63C322B01C836C050033CE5D /* dodies_logo_green.png */ = {isa = PBXFileReference; lastKnownFileType = image.png; path = dodies_logo_green.png; sourceTree = "<group>"; };
		63C322B11C836C050033CE5D /* dodies_logo_green@2x.png */ = {isa = PBXFileReference; lastKnownFileType = image.png; path = "dodies_logo_green@2x.png"; sourceTree = "<group>"; };
		63C322B21C836C050033CE5D /* dodies_logo_green@3x.png */ = {isa = PBXFileReference; lastKnownFileType = image.png; path = "dodies_logo_green@3x.png"; sourceTree = "<group>"; };
		63CA57A41BA5F41700A9F5DC /* DodiesAnnotation.swift */ = {isa = PBXFileReference; fileEncoding = 4; lastKnownFileType = sourcecode.swift; path = DodiesAnnotation.swift; sourceTree = "<group>"; };
		63CA57A61BA606B800A9F5DC /* Details.swift */ = {isa = PBXFileReference; fileEncoding = 4; lastKnownFileType = sourcecode.swift; path = Details.swift; sourceTree = "<group>"; };
		63F5DC651C8355BE00AEB195 /* dodies_nav_logo.png */ = {isa = PBXFileReference; lastKnownFileType = image.png; path = dodies_nav_logo.png; sourceTree = "<group>"; };
		63F5DC661C8355BE00AEB195 /* dodies_nav_logo@2x.png */ = {isa = PBXFileReference; lastKnownFileType = image.png; path = "dodies_nav_logo@2x.png"; sourceTree = "<group>"; };
		63F5DC671C8355BE00AEB195 /* dodies_nav_logo@3x.png */ = {isa = PBXFileReference; lastKnownFileType = image.png; path = "dodies_nav_logo@3x.png"; sourceTree = "<group>"; };
		63F5DC6D1C8358F200AEB195 /* AboutViewController.swift */ = {isa = PBXFileReference; fileEncoding = 4; lastKnownFileType = sourcecode.swift; path = AboutViewController.swift; sourceTree = "<group>"; };
		9870F5E07E5B45042965F16A /* Pods_Dodies_lv.framework */ = {isa = PBXFileReference; explicitFileType = wrapper.framework; includeInIndex = 0; path = Pods_Dodies_lv.framework; sourceTree = BUILT_PRODUCTS_DIR; };
		CFDF0E6A92770D268F260866 /* Pods-Dodies.lv.debug.xcconfig */ = {isa = PBXFileReference; includeInIndex = 1; lastKnownFileType = text.xcconfig; name = "Pods-Dodies.lv.debug.xcconfig"; path = "Pods/Target Support Files/Pods-Dodies.lv/Pods-Dodies.lv.debug.xcconfig"; sourceTree = "<group>"; };
		DE6B3018C8E57D8AE5F36751 /* Pods-Dodies.lv.release.xcconfig */ = {isa = PBXFileReference; includeInIndex = 1; lastKnownFileType = text.xcconfig; name = "Pods-Dodies.lv.release.xcconfig"; path = "Pods/Target Support Files/Pods-Dodies.lv/Pods-Dodies.lv.release.xcconfig"; sourceTree = "<group>"; };
/* End PBXFileReference section */

/* Begin PBXFrameworksBuildPhase section */
		636EA82F1BA5BDF40071397A /* Frameworks */ = {
			isa = PBXFrameworksBuildPhase;
			buildActionMask = 2147483647;
			files = (
				0A5D8ADB41AD183565561775 /* Pods_Dodies_lv.framework in Frameworks */,
			);
			runOnlyForDeploymentPostprocessing = 0;
		};
/* End PBXFrameworksBuildPhase section */

/* Begin PBXGroup section */
		634073531C594A4300190BA4 /* Interface */ = {
			isa = PBXGroup;
			children = (
				63AFB7EB1C5D2973004A58E1 /* Images */,
				636EA83B1BA5BDF40071397A /* Main.storyboard */,
				636EA8401BA5BDF40071397A /* LaunchScreen.storyboard */,
			);
			name = Interface;
			sourceTree = "<group>";
		};
		636EA8291BA5BDF40071397A = {
			isa = PBXGroup;
			children = (
				636EA8341BA5BDF40071397A /* Dodies.lv */,
				636EA8331BA5BDF40071397A /* Products */,
				FFDCEC788E472458276E1856 /* Pods */,
				F59EC6FA895C379FDDDE226E /* Frameworks */,
			);
			sourceTree = "<group>";
		};
		636EA8331BA5BDF40071397A /* Products */ = {
			isa = PBXGroup;
			children = (
				636EA8321BA5BDF40071397A /* Dodies.lv.app */,
			);
			name = Products;
			sourceTree = "<group>";
		};
		636EA8341BA5BDF40071397A /* Dodies.lv */ = {
			isa = PBXGroup;
			children = (
				636EA8351BA5BDF40071397A /* AppDelegate.swift */,
				63AFB8001C5E3FFC004A58E1 /* Helper.swift */,
				63AFB7ED1C5D29B4004A58E1 /* Views */,
				63AFB7EC1C5D29A7004A58E1 /* Objects */,
				636EA8431BA5BDF40071397A /* Info.plist */,
				634073531C594A4300190BA4 /* Interface */,
				63AFB7DD1C5CF613004A58E1 /* Images.xcassets */,
				63A818C71C6294F9006F7F80 /* Valmiera.gpx */,
				639710881C821568003C3842 /* GoogleService-Info.plist */,
				6397108A1C8215C8003C3842 /* Dodies-Bridging-Header.h */,
				6304EAFE1BA5C25900B7CD49 /* Settings.bundle */,
			);
			path = Dodies.lv;
			sourceTree = "<group>";
		};
		6388CC761BB72A850016184B /* icons */ = {
			isa = PBXGroup;
			children = (
				63AFB7A11C5CE04D004A58E1 /* parks-active.png */,
				63AFB7A21C5CE04D004A58E1 /* parks-active@2x.png */,
				63AFB7A31C5CE04D004A58E1 /* parks-active@3x.png */,
				63AFB7A41C5CE04D004A58E1 /* parks-disabled.png */,
				63AFB7A51C5CE04D004A58E1 /* parks-disabled@2x.png */,
				63AFB7A61C5CE04D004A58E1 /* parks-disabled@3x.png */,
				63AFB7A71C5CE04D004A58E1 /* pikniks-active.png */,
				63AFB7A81C5CE04D004A58E1 /* pikniks-active@2x.png */,
				63AFB7A91C5CE04D004A58E1 /* pikniks-active@3x.png */,
				63AFB7AA1C5CE04D004A58E1 /* pikniks-disabled.png */,
				63AFB7AB1C5CE04D004A58E1 /* pikniks-disabled@2x.png */,
				63AFB7AC1C5CE04D004A58E1 /* pikniks-disabled@3x.png */,
				63AFB7AD1C5CE04D004A58E1 /* taka-active.png */,
				63AFB7AE1C5CE04D004A58E1 /* taka-active@2x.png */,
				63AFB7AF1C5CE04D004A58E1 /* taka-active@3x.png */,
				63AFB7B01C5CE04D004A58E1 /* taka-disabled.png */,
				63AFB7B11C5CE04D004A58E1 /* taka-disabled@2x.png */,
				63AFB7B21C5CE04D004A58E1 /* taka-disabled@3x.png */,
				63AFB7B31C5CE04D004A58E1 /* tornis-active.png */,
				63AFB7B41C5CE04D004A58E1 /* tornis-active@2x.png */,
				63AFB7B51C5CE04D004A58E1 /* tornis-active@3x.png */,
				63AFB7B61C5CE04D004A58E1 /* tornis-disabled.png */,
				63AFB7B71C5CE04D004A58E1 /* tornis-disabled@2x.png */,
				63AFB7B81C5CE04D004A58E1 /* tornis-disabled@3x.png */,
				63AFB7B91C5CE04D004A58E1 /* velo-active.png */,
				63AFB7BA1C5CE04D004A58E1 /* velo-active@2x.png */,
				63AFB7BB1C5CE04D004A58E1 /* velo-active@3x.png */,
				63AFB7BC1C5CE04D004A58E1 /* velo-disabled.png */,
				63AFB7BD1C5CE04D004A58E1 /* velo-disabled@2x.png */,
				63AFB7BE1C5CE04D004A58E1 /* velo-disabled@3x.png */,
			);
			path = icons;
			sourceTree = "<group>";
		};
		63AFB7EB1C5D2973004A58E1 /* Images */ = {
			isa = PBXGroup;
			children = (
				63C322B01C836C050033CE5D /* dodies_logo_green.png */,
				63C322B11C836C050033CE5D /* dodies_logo_green@2x.png */,
				63C322B21C836C050033CE5D /* dodies_logo_green@3x.png */,
				63F5DC651C8355BE00AEB195 /* dodies_nav_logo.png */,
				63F5DC661C8355BE00AEB195 /* dodies_nav_logo@2x.png */,
				63F5DC671C8355BE00AEB195 /* dodies_nav_logo@3x.png */,
				639710821C8200F1003C3842 /* dodies_logo.png */,
				639710831C8200F1003C3842 /* dodies_logo@2x.png */,
				639710841C8200F1003C3842 /* dodies_logo@3x.png */,
				63AFB7FA1C5E375D004A58E1 /* dodies@3x.png */,
				63AFB7FB1C5E375D004A58E1 /* dodies@2x.png */,
				63AFB7FC1C5E375D004A58E1 /* dodies.png */,
				63AFB7E51C5D100B004A58E1 /* location-pin.png */,
				63AFB7E61C5D100B004A58E1 /* location-pin@2x.png */,
				63AFB7E71C5D100B004A58E1 /* location-pin@3x.png */,
				6388CC761BB72A850016184B /* icons */,
			);
			name = Images;
			sourceTree = "<group>";
		};
		63AFB7EC1C5D29A7004A58E1 /* Objects */ = {
			isa = PBXGroup;
			children = (
				63CA57A41BA5F41700A9F5DC /* DodiesAnnotation.swift */,
				63475FEB1C5CC95500A9A5E4 /* DodiesPoint.swift */,
			);
			name = Objects;
			sourceTree = "<group>";
		};
		63AFB7ED1C5D29B4004A58E1 /* Views */ = {
			isa = PBXGroup;
			children = (
				6304EB001BA5C2C700B7CD49 /* Map.swift */,
				63F5DC6D1C8358F200AEB195 /* AboutViewController.swift */,
				63CA57A61BA606B800A9F5DC /* Details.swift */,
				638EB5101CA6FBC100FA7903 /* DescriptionViewController.swift */,
			);
			name = Views;
			sourceTree = "<group>";
		};
		F59EC6FA895C379FDDDE226E /* Frameworks */ = {
			isa = PBXGroup;
			children = (
				9870F5E07E5B45042965F16A /* Pods_Dodies_lv.framework */,
			);
			name = Frameworks;
			sourceTree = "<group>";
		};
		FFDCEC788E472458276E1856 /* Pods */ = {
			isa = PBXGroup;
			children = (
				CFDF0E6A92770D268F260866 /* Pods-Dodies.lv.debug.xcconfig */,
				DE6B3018C8E57D8AE5F36751 /* Pods-Dodies.lv.release.xcconfig */,
			);
			name = Pods;
			sourceTree = "<group>";
		};
/* End PBXGroup section */

/* Begin PBXNativeTarget section */
		636EA8311BA5BDF40071397A /* Dodies.lv */ = {
			isa = PBXNativeTarget;
			buildConfigurationList = 636EA8461BA5BDF40071397A /* Build configuration list for PBXNativeTarget "Dodies.lv" */;
			buildPhases = (
				7607C31C27689BC6D1C293BE /* Check Pods Manifest.lock */,
				636EA82E1BA5BDF40071397A /* Sources */,
				636EA82F1BA5BDF40071397A /* Frameworks */,
				636EA8301BA5BDF40071397A /* Resources */,
				674F922425F740D937DCE568 /* Embed Pods Frameworks */,
				3B4948A10E1A31EDFF71AEC7 /* Copy Pods Resources */,
				63AFB8021C5E4412004A58E1 /* ShellScript */,
			);
			buildRules = (
			);
			dependencies = (
			);
			name = Dodies.lv;
			productName = Dodies.lv;
			productReference = 636EA8321BA5BDF40071397A /* Dodies.lv.app */;
			productType = "com.apple.product-type.application";
		};
/* End PBXNativeTarget section */

/* Begin PBXProject section */
		636EA82A1BA5BDF40071397A /* Project object */ = {
			isa = PBXProject;
			attributes = {
				LastSwiftMigration = 0710;
				LastSwiftUpdateCheck = 0710;
				LastUpgradeCheck = 0710;
				ORGANIZATIONNAME = fassko;
				TargetAttributes = {
					636EA8311BA5BDF40071397A = {
						CreatedOnToolsVersion = 7.1;
						DevelopmentTeam = 3SGNZQGS68;
						SystemCapabilities = {
							com.apple.BackgroundModes = {
								enabled = 1;
							};
							com.apple.Maps.iOS = {
								enabled = 0;
							};
						};
					};
				};
			};
			buildConfigurationList = 636EA82D1BA5BDF40071397A /* Build configuration list for PBXProject "Dodies.lv" */;
			compatibilityVersion = "Xcode 3.2";
			developmentRegion = English;
			hasScannedForEncodings = 0;
			knownRegions = (
				en,
				Base,
			);
			mainGroup = 636EA8291BA5BDF40071397A;
			productRefGroup = 636EA8331BA5BDF40071397A /* Products */;
			projectDirPath = "";
			projectRoot = "";
			targets = (
				636EA8311BA5BDF40071397A /* Dodies.lv */,
			);
		};
/* End PBXProject section */

/* Begin PBXResourcesBuildPhase section */
		636EA8301BA5BDF40071397A /* Resources */ = {
			isa = PBXResourcesBuildPhase;
			buildActionMask = 2147483647;
			files = (
				63AFB7DA1C5CE04D004A58E1 /* velo-disabled.png in Resources */,
				63AFB7D61C5CE04D004A58E1 /* tornis-disabled@3x.png in Resources */,
				63AFB7C81C5CE04D004A58E1 /* pikniks-disabled.png in Resources */,
				63AFB7C31C5CE04D004A58E1 /* parks-disabled@2x.png in Resources */,
				63AFB7D91C5CE04D004A58E1 /* velo-active@3x.png in Resources */,
				63AFB7FF1C5E375D004A58E1 /* dodies.png in Resources */,
				63C322B51C836C050033CE5D /* dodies_logo_green@3x.png in Resources */,
				63AFB7FE1C5E375D004A58E1 /* dodies@2x.png in Resources */,
				63C322B31C836C050033CE5D /* dodies_logo_green.png in Resources */,
				63AFB7D31C5CE04D004A58E1 /* tornis-active@3x.png in Resources */,
				63F5DC681C8355BE00AEB195 /* dodies_nav_logo.png in Resources */,
				63AFB7C71C5CE04D004A58E1 /* pikniks-active@3x.png in Resources */,
				6304EAFF1BA5C25900B7CD49 /* Settings.bundle in Resources */,
				63AFB7C91C5CE04D004A58E1 /* pikniks-disabled@2x.png in Resources */,
				63AFB7C01C5CE04D004A58E1 /* parks-active@2x.png in Resources */,
				63AFB7CA1C5CE04D004A58E1 /* pikniks-disabled@3x.png in Resources */,
				63AFB7DE1C5CF614004A58E1 /* Images.xcassets in Resources */,
				63AFB7D81C5CE04D004A58E1 /* velo-active@2x.png in Resources */,
				63AFB7DB1C5CE04D004A58E1 /* velo-disabled@2x.png in Resources */,
				63AFB7D71C5CE04D004A58E1 /* velo-active.png in Resources */,
				63AFB7D41C5CE04D004A58E1 /* tornis-disabled.png in Resources */,
				63AFB7BF1C5CE04D004A58E1 /* parks-active.png in Resources */,
				63AFB7CE1C5CE04D004A58E1 /* taka-disabled.png in Resources */,
				636EA8421BA5BDF40071397A /* LaunchScreen.storyboard in Resources */,
				63AFB7D11C5CE04D004A58E1 /* tornis-active.png in Resources */,
				63AFB7D01C5CE04D004A58E1 /* taka-disabled@3x.png in Resources */,
				63AFB7C41C5CE04D004A58E1 /* parks-disabled@3x.png in Resources */,
				639710871C8200F1003C3842 /* dodies_logo@3x.png in Resources */,
				63AFB7CD1C5CE04D004A58E1 /* taka-active@3x.png in Resources */,
				63AFB7C61C5CE04D004A58E1 /* pikniks-active@2x.png in Resources */,
				63AFB7E81C5D100B004A58E1 /* location-pin.png in Resources */,
				636EA83D1BA5BDF40071397A /* Main.storyboard in Resources */,
				63AFB7E91C5D100B004A58E1 /* location-pin@2x.png in Resources */,
				63AFB7CC1C5CE04D004A58E1 /* taka-active@2x.png in Resources */,
				63F5DC6A1C8355BE00AEB195 /* dodies_nav_logo@3x.png in Resources */,
				639710851C8200F1003C3842 /* dodies_logo.png in Resources */,
				63F5DC691C8355BE00AEB195 /* dodies_nav_logo@2x.png in Resources */,
				63AFB7CB1C5CE04D004A58E1 /* taka-active.png in Resources */,
				63C322B41C836C050033CE5D /* dodies_logo_green@2x.png in Resources */,
				63AFB7C11C5CE04D004A58E1 /* parks-active@3x.png in Resources */,
				63AFB7C21C5CE04D004A58E1 /* parks-disabled.png in Resources */,
				63AFB7C51C5CE04D004A58E1 /* pikniks-active.png in Resources */,
				63AFB7CF1C5CE04D004A58E1 /* taka-disabled@2x.png in Resources */,
				639710891C821568003C3842 /* GoogleService-Info.plist in Resources */,
				63AFB7FD1C5E375D004A58E1 /* dodies@3x.png in Resources */,
				63A818C81C6294F9006F7F80 /* Valmiera.gpx in Resources */,
				63AFB7D21C5CE04D004A58E1 /* tornis-active@2x.png in Resources */,
				63AFB7D51C5CE04D004A58E1 /* tornis-disabled@2x.png in Resources */,
				63AFB7EA1C5D100B004A58E1 /* location-pin@3x.png in Resources */,
				639710861C8200F1003C3842 /* dodies_logo@2x.png in Resources */,
				63AFB7DC1C5CE04D004A58E1 /* velo-disabled@3x.png in Resources */,
			);
			runOnlyForDeploymentPostprocessing = 0;
		};
/* End PBXResourcesBuildPhase section */

/* Begin PBXShellScriptBuildPhase section */
		3B4948A10E1A31EDFF71AEC7 /* Copy Pods Resources */ = {
			isa = PBXShellScriptBuildPhase;
			buildActionMask = 2147483647;
			files = (
			);
			inputPaths = (
			);
			name = "Copy Pods Resources";
			outputPaths = (
			);
			runOnlyForDeploymentPostprocessing = 0;
			shellPath = /bin/sh;
			shellScript = "\"${SRCROOT}/Pods/Target Support Files/Pods-Dodies.lv/Pods-Dodies.lv-resources.sh\"\n";
			showEnvVarsInLog = 0;
		};
		63AFB8021C5E4412004A58E1 /* ShellScript */ = {
			isa = PBXShellScriptBuildPhase;
			buildActionMask = 2147483647;
			files = (
			);
			inputPaths = (
			);
			outputPaths = (
			);
			runOnlyForDeploymentPostprocessing = 0;
			shellPath = /bin/sh;
			shellScript = "\"${PODS_ROOT}/Fabric/run\" 34be06edc6f733a743335744b07a23f6a3e5b344 a9207ff06b3417aa4bf8c6408432761ca87c5b52dca8f2365b133eea61d407cc";
		};
		674F922425F740D937DCE568 /* Embed Pods Frameworks */ = {
			isa = PBXShellScriptBuildPhase;
			buildActionMask = 2147483647;
			files = (
			);
			inputPaths = (
			);
			name = "Embed Pods Frameworks";
			outputPaths = (
			);
			runOnlyForDeploymentPostprocessing = 0;
			shellPath = /bin/sh;
			shellScript = "\"${SRCROOT}/Pods/Target Support Files/Pods-Dodies.lv/Pods-Dodies.lv-frameworks.sh\"\n";
			showEnvVarsInLog = 0;
		};
		7607C31C27689BC6D1C293BE /* Check Pods Manifest.lock */ = {
			isa = PBXShellScriptBuildPhase;
			buildActionMask = 2147483647;
			files = (
			);
			inputPaths = (
			);
			name = "Check Pods Manifest.lock";
			outputPaths = (
			);
			runOnlyForDeploymentPostprocessing = 0;
			shellPath = /bin/sh;
			shellScript = "diff \"${PODS_ROOT}/../Podfile.lock\" \"${PODS_ROOT}/Manifest.lock\" > /dev/null\nif [[ $? != 0 ]] ; then\n    cat << EOM\nerror: The sandbox is not in sync with the Podfile.lock. Run 'pod install' or update your CocoaPods installation.\nEOM\n    exit 1\nfi\n";
			showEnvVarsInLog = 0;
		};
/* End PBXShellScriptBuildPhase section */

/* Begin PBXSourcesBuildPhase section */
		636EA82E1BA5BDF40071397A /* Sources */ = {
			isa = PBXSourcesBuildPhase;
			buildActionMask = 2147483647;
			files = (
				636EA8361BA5BDF40071397A /* AppDelegate.swift in Sources */,
				63CA57A51BA5F41700A9F5DC /* DodiesAnnotation.swift in Sources */,
				63475FEC1C5CC95500A9A5E4 /* DodiesPoint.swift in Sources */,
				63F5DC6E1C8358F200AEB195 /* AboutViewController.swift in Sources */,
				63CA57A71BA606B800A9F5DC /* Details.swift in Sources */,
				638EB5111CA6FBC100FA7903 /* DescriptionViewController.swift in Sources */,
				6304EB011BA5C2C700B7CD49 /* Map.swift in Sources */,
				63AFB8011C5E3FFC004A58E1 /* Helper.swift in Sources */,
			);
			runOnlyForDeploymentPostprocessing = 0;
		};
/* End PBXSourcesBuildPhase section */

/* Begin PBXVariantGroup section */
		636EA83B1BA5BDF40071397A /* Main.storyboard */ = {
			isa = PBXVariantGroup;
			children = (
				636EA83C1BA5BDF40071397A /* Base */,
			);
			name = Main.storyboard;
			sourceTree = "<group>";
		};
		636EA8401BA5BDF40071397A /* LaunchScreen.storyboard */ = {
			isa = PBXVariantGroup;
			children = (
				636EA8411BA5BDF40071397A /* Base */,
			);
			name = LaunchScreen.storyboard;
			sourceTree = "<group>";
		};
/* End PBXVariantGroup section */

/* Begin XCBuildConfiguration section */
		636EA8441BA5BDF40071397A /* Debug */ = {
			isa = XCBuildConfiguration;
			buildSettings = {
				ALWAYS_SEARCH_USER_PATHS = NO;
				CLANG_CXX_LANGUAGE_STANDARD = "gnu++0x";
				CLANG_CXX_LIBRARY = "libc++";
				CLANG_ENABLE_MODULES = YES;
				CLANG_ENABLE_OBJC_ARC = YES;
				CLANG_WARN_BOOL_CONVERSION = YES;
				CLANG_WARN_CONSTANT_CONVERSION = YES;
				CLANG_WARN_DIRECT_OBJC_ISA_USAGE = YES_ERROR;
				CLANG_WARN_EMPTY_BODY = YES;
				CLANG_WARN_ENUM_CONVERSION = YES;
				CLANG_WARN_INT_CONVERSION = YES;
				CLANG_WARN_OBJC_ROOT_CLASS = YES_ERROR;
				CLANG_WARN_UNREACHABLE_CODE = YES;
				CLANG_WARN__DUPLICATE_METHOD_MATCH = YES;
				CODE_SIGN_IDENTITY = "iPhone Developer: Kristaps Grinbergs (MMGQCA8E72)";
				"CODE_SIGN_IDENTITY[sdk=iphoneos*]" = "iPhone Developer: Kristaps Grinbergs (MMGQCA8E72)";
				COPY_PHASE_STRIP = NO;
				CURRENT_PROJECT_VERSION = 30;
				DEBUG_INFORMATION_FORMAT = dwarf;
				ENABLE_BITCODE = NO;
				ENABLE_STRICT_OBJC_MSGSEND = YES;
				ENABLE_TESTABILITY = YES;
				FRAMEWORK_SEARCH_PATHS = "";
				GCC_C_LANGUAGE_STANDARD = gnu99;
				GCC_DYNAMIC_NO_PIC = NO;
				GCC_NO_COMMON_BLOCKS = YES;
				GCC_OPTIMIZATION_LEVEL = 0;
				GCC_PREPROCESSOR_DEFINITIONS = (
					"DEBUG=1",
					"$(inherited)",
				);
				GCC_WARN_64_TO_32_BIT_CONVERSION = YES;
				GCC_WARN_ABOUT_RETURN_TYPE = YES_ERROR;
				GCC_WARN_UNDECLARED_SELECTOR = YES;
				GCC_WARN_UNINITIALIZED_AUTOS = YES_AGGRESSIVE;
				GCC_WARN_UNUSED_FUNCTION = YES;
				GCC_WARN_UNUSED_VARIABLE = YES;
				IPHONEOS_DEPLOYMENT_TARGET = 9.0;
				MTL_ENABLE_DEBUG_INFO = YES;
				ONLY_ACTIVE_ARCH = YES;
				SDKROOT = iphoneos;
				SWIFT_OBJC_BRIDGING_HEADER = "$(SRCROOT)/Dodies.lv/Dodies-Bridging-Header.h";
				SWIFT_OPTIMIZATION_LEVEL = "-Onone";
				TARGETED_DEVICE_FAMILY = "1,2";
				USER_HEADER_SEARCH_PATHS = "";
				VERSIONING_SYSTEM = "apple-generic";
			};
			name = Debug;
		};
		636EA8451BA5BDF40071397A /* Release */ = {
			isa = XCBuildConfiguration;
			buildSettings = {
				ALWAYS_SEARCH_USER_PATHS = NO;
				CLANG_CXX_LANGUAGE_STANDARD = "gnu++0x";
				CLANG_CXX_LIBRARY = "libc++";
				CLANG_ENABLE_MODULES = YES;
				CLANG_ENABLE_OBJC_ARC = YES;
				CLANG_WARN_BOOL_CONVERSION = YES;
				CLANG_WARN_CONSTANT_CONVERSION = YES;
				CLANG_WARN_DIRECT_OBJC_ISA_USAGE = YES_ERROR;
				CLANG_WARN_EMPTY_BODY = YES;
				CLANG_WARN_ENUM_CONVERSION = YES;
				CLANG_WARN_INT_CONVERSION = YES;
				CLANG_WARN_OBJC_ROOT_CLASS = YES_ERROR;
				CLANG_WARN_UNREACHABLE_CODE = YES;
				CLANG_WARN__DUPLICATE_METHOD_MATCH = YES;
				CODE_SIGN_IDENTITY = "iPhone Distribution: Kristaps Grinbergs (3SGNZQGS68)";
				"CODE_SIGN_IDENTITY[sdk=iphoneos*]" = "iPhone Distribution: Kristaps Grinbergs (3SGNZQGS68)";
				COPY_PHASE_STRIP = NO;
				CURRENT_PROJECT_VERSION = 30;
				DEBUG_INFORMATION_FORMAT = "dwarf-with-dsym";
				ENABLE_BITCODE = NO;
				ENABLE_NS_ASSERTIONS = NO;
				ENABLE_STRICT_OBJC_MSGSEND = YES;
				FRAMEWORK_SEARCH_PATHS = "";
				GCC_C_LANGUAGE_STANDARD = gnu99;
				GCC_NO_COMMON_BLOCKS = YES;
				GCC_WARN_64_TO_32_BIT_CONVERSION = YES;
				GCC_WARN_ABOUT_RETURN_TYPE = YES_ERROR;
				GCC_WARN_UNDECLARED_SELECTOR = YES;
				GCC_WARN_UNINITIALIZED_AUTOS = YES_AGGRESSIVE;
				GCC_WARN_UNUSED_FUNCTION = YES;
				GCC_WARN_UNUSED_VARIABLE = YES;
				IPHONEOS_DEPLOYMENT_TARGET = 9.0;
				MTL_ENABLE_DEBUG_INFO = NO;
				SDKROOT = iphoneos;
				SWIFT_OBJC_BRIDGING_HEADER = "$(SRCROOT)/Dodies.lv/Dodies-Bridging-Header.h";
				TARGETED_DEVICE_FAMILY = "1,2";
				USER_HEADER_SEARCH_PATHS = "";
				VALIDATE_PRODUCT = YES;
				VERSIONING_SYSTEM = "apple-generic";
			};
			name = Release;
		};
		636EA8471BA5BDF40071397A /* Debug */ = {
			isa = XCBuildConfiguration;
			baseConfigurationReference = CFDF0E6A92770D268F260866 /* Pods-Dodies.lv.debug.xcconfig */;
			buildSettings = {
				ASSETCATALOG_COMPILER_APPICON_NAME = AppIcon;
				ASSETCATALOG_COMPILER_LAUNCHIMAGE_NAME = "Brand Assets";
				CODE_SIGN_IDENTITY = "iPhone Developer: Kristaps Grinbergs (MMGQCA8E72)";
				"CODE_SIGN_IDENTITY[sdk=iphoneos*]" = "iPhone Developer: Kristaps Grinbergs (MMGQCA8E72)";
				FRAMEWORK_SEARCH_PATHS = (
					"$(inherited)",
					"$(PROJECT_DIR)",
				);
				INFOPLIST_FILE = Dodies.lv/Info.plist;
				IPHONEOS_DEPLOYMENT_TARGET = 8.0;
				LD_RUNPATH_SEARCH_PATHS = "$(inherited) @executable_path/Frameworks";
				PRODUCT_BUNDLE_IDENTIFIER = "com.fassko.Dodies-lv";
				PRODUCT_NAME = "$(TARGET_NAME)";
			};
			name = Debug;
		};
		636EA8481BA5BDF40071397A /* Release */ = {
			isa = XCBuildConfiguration;
			baseConfigurationReference = DE6B3018C8E57D8AE5F36751 /* Pods-Dodies.lv.release.xcconfig */;
			buildSettings = {
				ASSETCATALOG_COMPILER_APPICON_NAME = AppIcon;
				ASSETCATALOG_COMPILER_LAUNCHIMAGE_NAME = "Brand Assets";
				CODE_SIGN_IDENTITY = "iPhone Distribution: Kristaps Grinbergs (3SGNZQGS68)";
				"CODE_SIGN_IDENTITY[sdk=iphoneos*]" = "iPhone Distribution: Kristaps Grinbergs (3SGNZQGS68)";
				FRAMEWORK_SEARCH_PATHS = (
					"$(inherited)",
					"$(PROJECT_DIR)",
				);
				INFOPLIST_FILE = Dodies.lv/Info.plist;
				IPHONEOS_DEPLOYMENT_TARGET = 8.0;
				LD_RUNPATH_SEARCH_PATHS = "$(inherited) @executable_path/Frameworks";
				PRODUCT_BUNDLE_IDENTIFIER = "com.fassko.Dodies-lv";
				PRODUCT_NAME = "$(TARGET_NAME)";
			};
			name = Release;
		};
/* End XCBuildConfiguration section */

/* Begin XCConfigurationList section */
		636EA82D1BA5BDF40071397A /* Build configuration list for PBXProject "Dodies.lv" */ = {
			isa = XCConfigurationList;
			buildConfigurations = (
				636EA8441BA5BDF40071397A /* Debug */,
				636EA8451BA5BDF40071397A /* Release */,
			);
			defaultConfigurationIsVisible = 0;
			defaultConfigurationName = Release;
		};
		636EA8461BA5BDF40071397A /* Build configuration list for PBXNativeTarget "Dodies.lv" */ = {
			isa = XCConfigurationList;
			buildConfigurations = (
				636EA8471BA5BDF40071397A /* Debug */,
				636EA8481BA5BDF40071397A /* Release */,
			);
			defaultConfigurationIsVisible = 0;
			defaultConfigurationName = Release;
		};
/* End XCConfigurationList section */
	};
	rootObject = 636EA82A1BA5BDF40071397A /* Project object */;
}
