{
  "object": {
    "pins": [
      {
        "package": "Cache",
        "repositoryURL": "https://github.com/fassko/Cache",
        "state": {
          "branch": "master",
          "revision": "fa7f1aadd88428d05ff3bfcf7096a10a3f888a18",
          "version": null
        }
      },
      {
        "package": "HTMLString",
        "repositoryURL": "https://github.com/alexaubry/HTMLString",
        "state": {
          "branch": null,
          "revision": "373048cc4084dd7481c86e3bee41612eff93b14d",
          "version": "5.0.0"
        }
      },
      {
        "package": "Imaginary",
        "repositoryURL": "https://github.com/fassko/Imaginary",
        "state": {
          "branch": "master",
          "revision": "2847cd255160dabf4317d08843ab6ed8d16f2a67",
          "version": null
        }
      },
      {
        "package": "Kingfisher",
        "repositoryURL": "https://github.com/onevcat/Kingfisher",
        "state": {
          "branch": null,
          "revision": "44bfa76787a0f07e4d5ae3304e9d4f631fd519bd",
          "version": "5.13.0"
        }
      },
      {
        "package": "Lightbox",
        "repositoryURL": "https://github.com/fassko/Lightbox",
        "state": {
          "branch": "master",
          "revision": "b2b00a26165ab9bc66c2a9adf7bef0cfc8249cd9",
          "version": null
        }
      },
      {
        "package": "Localize_Swift",
        "repositoryURL": "https://github.com/marmelroy/Localize-Swift",
        "state": {
          "branch": null,
          "revision": "f2d0c6d790b8af64ae54377ad93494e8d3e46b17",
          "version": "3.1.0"
        }
      },
      {
        "package": "PromiseKit",
        "repositoryURL": "https://github.com/mxcl/PromiseKit.git",
        "state": {
          "branch": null,
          "revision": "f14f16cc2602afec1030e4f492100d6d43dca544",
          "version": "6.13.1"
        }
      },
      {
        "package": "Realm",
        "repositoryURL": "https://github.com/realm/realm-cocoa.git",
        "state": {
          "branch": "master",
          "revision": "9011b2df17019552d7acae3ed085bf8c01a6a38f",
          "version": null
        }
      },
      {
        "package": "RealmCore",
        "repositoryURL": "https://github.com/realm/realm-core",
        "state": {
          "branch": null,
          "revision": "35662ff940e340bf630ad1d1d88acfc7af18bee6",
          "version": "5.23.8"
        }
      },
      {
        "package": "SwiftSpinner",
        "repositoryURL": "https://github.com/icanzilb/SwiftSpinner",
        "state": {
          "branch": null,
          "revision": "b11109c98524526af3a1c6f69c5818862acda6fb",
          "version": "2.1.0"
        }
      }
    ]
  },
  "version": 1
}
