{
  "object": {
    "pins": [
      {
        "package": "Alamofire",
        "repositoryURL": "https://github.com/Alamofire/Alamofire.git",
        "state": {
          "branch": null,
          "revision": "59037bfd28aa963a7916f1eb22a74107a3522f16",
          "version": "5.0.5"
        }
      },
      {
        "package": "AlamofireImage",
        "repositoryURL": "https://github.com/Alamofire/AlamofireImage.git",
        "state": {
          "branch": null,
          "revision": "5384f5509cb37075c468002fb49ffe0faa82e2ad",
          "version": "4.0.3"
        }
      },
      {
        "package": "Cache",
        "repositoryURL": "https://github.com/fassko/Cache",
        "state": {
          "branch": "master",
          "revision": "fa7f1aadd88428d05ff3bfcf7096a10a3f888a18",
          "version": null
        }
      },
      {
        "package": "HTMLString",
        "repositoryURL": "https://github.com/alexaubry/HTMLString",
        "state": {
          "branch": null,
          "revision": "373048cc4084dd7481c86e3bee41612eff93b14d",
          "version": "5.0.0"
        }
      },
      {
        "package": "ImageSlideshow",
        "repositoryURL": "https://github.com/fassko/ImageSlideshow",
        "state": {
          "branch": "master",
          "revision": "25b3a538c698d34f6bebd8fb04441fba07e643de",
          "version": null
        }
      },
      {
        "package": "Imaginary",
        "repositoryURL": "https://github.com/fassko/Imaginary",
        "state": {
          "branch": "master",
          "revision": "2847cd255160dabf4317d08843ab6ed8d16f2a67",
          "version": null
        }
      },
      {
        "package": "Kingfisher",
        "repositoryURL": "https://github.com/onevcat/Kingfisher",
        "state": {
          "branch": null,
          "revision": "56075f629bc3915e1bfa876d175df67e1a7cbe3c",
          "version": "5.13.2"
        }
      },
      {
        "package": "Lightbox",
        "repositoryURL": "https://github.com/fassko/Lightbox",
        "state": {
          "branch": "master",
          "revision": "b2b00a26165ab9bc66c2a9adf7bef0cfc8249cd9",
          "version": null
        }
      },
      {
        "package": "Localize_Swift",
        "repositoryURL": "https://github.com/marmelroy/Localize-Swift",
        "state": {
          "branch": null,
          "revision": "f2d0c6d790b8af64ae54377ad93494e8d3e46b17",
          "version": "3.1.0"
        }
      },
      {
        "package": "PromiseKit",
        "repositoryURL": "https://github.com/mxcl/PromiseKit.git",
        "state": {
          "branch": null,
          "revision": "f14f16cc2602afec1030e4f492100d6d43dca544",
          "version": "6.13.1"
        }
      },
      {
        "package": "Realm",
        "repositoryURL": "https://github.com/realm/realm-cocoa.git",
        "state": {
          "branch": "master",
          "revision": "9011b2df17019552d7acae3ed085bf8c01a6a38f",
          "version": null
        }
      },
      {
        "package": "RealmCore",
        "repositoryURL": "https://github.com/realm/realm-core",
        "state": {
          "branch": null,
          "revision": "35662ff940e340bf630ad1d1d88acfc7af18bee6",
          "version": "5.23.8"
        }
      },
      {
        "package": "SDWebImage",
        "repositoryURL": "https://github.com/SDWebImage/SDWebImage.git",
        "state": {
          "branch": null,
          "revision": "2dcf1b65994d92ef8806f52dc41aa6fdd677489c",
          "version": "5.6.1"
        }
      },
      {
        "package": "SwiftSpinner",
        "repositoryURL": "https://github.com/icanzilb/SwiftSpinner",
        "state": {
          "branch": null,
          "revision": "b11109c98524526af3a1c6f69c5818862acda6fb",
          "version": "2.1.0"
        }
      }
    ]
  },
  "version": 1
}
